// !$*UTF8*$!
{
	archiveVersion = 1;
	classes = {
	};
	objectVersion = 56;
	objects = {

/* Begin PBXBuildFile section */
		5D559B76290A711200F2AA96 /* Expense_TrackerApp.swift in Sources */ = {isa = PBXBuildFile; fileRef = 5D559B75290A711200F2AA96 /* Expense_TrackerApp.swift */; };
		5D559B78290A711200F2AA96 /* ContentView.swift in Sources */ = {isa = PBXBuildFile; fileRef = 5D559B77290A711200F2AA96 /* ContentView.swift */; };
		5D559B7A290A711400F2AA96 /* Assets.xcassets in Resources */ = {isa = PBXBuildFile; fileRef = 5D559B79290A711400F2AA96 /* Assets.xcassets */; };
		5D559B7D290A711400F2AA96 /* Preview Assets.xcassets in Resources */ = {isa = PBXBuildFile; fileRef = 5D559B7C290A711400F2AA96 /* Preview Assets.xcassets */; };
		5D559B7F290A711400F2AA96 /* Persistence.swift in Sources */ = {isa = PBXBuildFile; fileRef = 5D559B7E290A711400F2AA96 /* Persistence.swift */; };
		5D559B82290A711400F2AA96 /* Expense_Tracker.xcdatamodeld in Sources */ = {isa = PBXBuildFile; fileRef = 5D559B80290A711400F2AA96 /* Expense_Tracker.xcdatamodeld */; };
		5D559B89290A726A00F2AA96 /* Extensions.swift in Sources */ = {isa = PBXBuildFile; fileRef = 5D559B88290A726A00F2AA96 /* Extensions.swift */; };
		5D559B8B290A746100F2AA96 /* TransactionModel.swift in Sources */ = {isa = PBXBuildFile; fileRef = 5D559B8A290A746100F2AA96 /* TransactionModel.swift */; };
		5D559B8D290A789000F2AA96 /* PreviewData.swift in Sources */ = {isa = PBXBuildFile; fileRef = 5D559B8C290A789000F2AA96 /* PreviewData.swift */; };
		5D559B8F290A79A300F2AA96 /* TransactionRowView.swift in Sources */ = {isa = PBXBuildFile; fileRef = 5D559B8E290A79A300F2AA96 /* TransactionRowView.swift */; };
		5D559B96290A7E9800F2AA96 /* SwiftUIFontIcon in Frameworks */ = {isa = PBXBuildFile; productRef = 5D559B95290A7E9800F2AA96 /* SwiftUIFontIcon */; };
		5D559B98290A7F6000F2AA96 /* TransactionListViewModel.swift in Sources */ = {isa = PBXBuildFile; fileRef = 5D559B97290A7F6000F2AA96 /* TransactionListViewModel.swift */; };
		5D559B9A290A86F700F2AA96 /* RecentTransactionsList.swift in Sources */ = {isa = PBXBuildFile; fileRef = 5D559B99290A86F700F2AA96 /* RecentTransactionsList.swift */; };
		5D559B9D290A930700F2AA96 /* TransactionListView.swift in Sources */ = {isa = PBXBuildFile; fileRef = 5D559B9C290A930700F2AA96 /* TransactionListView.swift */; };
		5D559BA0290A979100F2AA96 /* Collections in Frameworks */ = {isa = PBXBuildFile; productRef = 5D559B9F290A979100F2AA96 /* Collections */; };
		5D559BA3290A99C000F2AA96 /* SwiftUICharts in Frameworks */ = {isa = PBXBuildFile; productRef = 5D559BA2290A99C000F2AA96 /* SwiftUICharts */; };
/* End PBXBuildFile section */

/* Begin PBXFileReference section */
		5D559B72290A711200F2AA96 /* Expense Tracker.app */ = {isa = PBXFileReference; explicitFileType = wrapper.application; includeInIndex = 0; path = "Expense Tracker.app"; sourceTree = BUILT_PRODUCTS_DIR; };
		5D559B75290A711200F2AA96 /* Expense_TrackerApp.swift */ = {isa = PBXFileReference; lastKnownFileType = sourcecode.swift; path = Expense_TrackerApp.swift; sourceTree = "<group>"; };
		5D559B77290A711200F2AA96 /* ContentView.swift */ = {isa = PBXFileReference; lastKnownFileType = sourcecode.swift; path = ContentView.swift; sourceTree = "<group>"; };
		5D559B79290A711400F2AA96 /* Assets.xcassets */ = {isa = PBXFileReference; lastKnownFileType = folder.assetcatalog; path = Assets.xcassets; sourceTree = "<group>"; };
		5D559B7C290A711400F2AA96 /* Preview Assets.xcassets */ = {isa = PBXFileReference; lastKnownFileType = folder.assetcatalog; path = "Preview Assets.xcassets"; sourceTree = "<group>"; };
		5D559B7E290A711400F2AA96 /* Persistence.swift */ = {isa = PBXFileReference; lastKnownFileType = sourcecode.swift; path = Persistence.swift; sourceTree = "<group>"; };
		5D559B81290A711400F2AA96 /* Expense_Tracker.xcdatamodel */ = {isa = PBXFileReference; lastKnownFileType = wrapper.xcdatamodel; path = Expense_Tracker.xcdatamodel; sourceTree = "<group>"; };
		5D559B88290A726A00F2AA96 /* Extensions.swift */ = {isa = PBXFileReference; lastKnownFileType = sourcecode.swift; path = Extensions.swift; sourceTree = "<group>"; };
		5D559B8A290A746100F2AA96 /* TransactionModel.swift */ = {isa = PBXFileReference; lastKnownFileType = sourcecode.swift; path = TransactionModel.swift; sourceTree = "<group>"; };
		5D559B8C290A789000F2AA96 /* PreviewData.swift */ = {isa = PBXFileReference; lastKnownFileType = sourcecode.swift; path = PreviewData.swift; sourceTree = "<group>"; };
		5D559B8E290A79A300F2AA96 /* TransactionRowView.swift */ = {isa = PBXFileReference; lastKnownFileType = sourcecode.swift; path = TransactionRowView.swift; sourceTree = "<group>"; };
		5D559B97290A7F6000F2AA96 /* TransactionListViewModel.swift */ = {isa = PBXFileReference; lastKnownFileType = sourcecode.swift; path = TransactionListViewModel.swift; sourceTree = "<group>"; };
		5D559B99290A86F700F2AA96 /* RecentTransactionsList.swift */ = {isa = PBXFileReference; lastKnownFileType = sourcecode.swift; path = RecentTransactionsList.swift; sourceTree = "<group>"; };
		5D559B9C290A930700F2AA96 /* TransactionListView.swift */ = {isa = PBXFileReference; lastKnownFileType = sourcecode.swift; path = TransactionListView.swift; sourceTree = "<group>"; };
/* End PBXFileReference section */

/* Begin PBXFrameworksBuildPhase section */
		5D559B6F290A711200F2AA96 /* Frameworks */ = {
			isa = PBXFrameworksBuildPhase;
			buildActionMask = 2147483647;
			files = (
				5D559BA3290A99C000F2AA96 /* SwiftUICharts in Frameworks */,
				5D559BA0290A979100F2AA96 /* Collections in Frameworks */,
				5D559B96290A7E9800F2AA96 /* SwiftUIFontIcon in Frameworks */,
			);
			runOnlyForDeploymentPostprocessing = 0;
		};
/* End PBXFrameworksBuildPhase section */

/* Begin PBXGroup section */
		5D559B69290A711200F2AA96 = {
			isa = PBXGroup;
			children = (
				5D559B74290A711200F2AA96 /* Expense Tracker */,
				5D559B73290A711200F2AA96 /* Products */,
			);
			sourceTree = "<group>";
		};
		5D559B73290A711200F2AA96 /* Products */ = {
			isa = PBXGroup;
			children = (
				5D559B72290A711200F2AA96 /* Expense Tracker.app */,
			);
			name = Products;
			sourceTree = "<group>";
		};
		5D559B74290A711200F2AA96 /* Expense Tracker */ = {
			isa = PBXGroup;
			children = (
				5D559B75290A711200F2AA96 /* Expense_TrackerApp.swift */,
				5D559B77290A711200F2AA96 /* ContentView.swift */,
				5D559B9B290A92F200F2AA96 /* TransactionFullList */,
				5D559B92290A79C100F2AA96 /* Transaction */,
				5D559B90290A79AB00F2AA96 /* Resources */,
				5D559B91290A79B400F2AA96 /* Storage */,
				5D559B7B290A711400F2AA96 /* Preview Content */,
				5D559B93290A79CD00F2AA96 /* Others */,
			);
			path = "Expense Tracker";
			sourceTree = "<group>";
		};
		5D559B7B290A711400F2AA96 /* Preview Content */ = {
			isa = PBXGroup;
			children = (
				5D559B7C290A711400F2AA96 /* Preview Assets.xcassets */,
				5D559B8C290A789000F2AA96 /* PreviewData.swift */,
			);
			path = "Preview Content";
			sourceTree = "<group>";
		};
		5D559B90290A79AB00F2AA96 /* Resources */ = {
			isa = PBXGroup;
			children = (
				5D559B79290A711400F2AA96 /* Assets.xcassets */,
			);
			path = Resources;
			sourceTree = "<group>";
		};
		5D559B91290A79B400F2AA96 /* Storage */ = {
			isa = PBXGroup;
			children = (
				5D559B7E290A711400F2AA96 /* Persistence.swift */,
				5D559B80290A711400F2AA96 /* Expense_Tracker.xcdatamodeld */,
			);
			path = Storage;
			sourceTree = "<group>";
		};
		5D559B92290A79C100F2AA96 /* Transaction */ = {
			isa = PBXGroup;
			children = (
				5D559B8A290A746100F2AA96 /* TransactionModel.swift */,
				5D559B97290A7F6000F2AA96 /* TransactionListViewModel.swift */,
				5D559B8E290A79A300F2AA96 /* TransactionRowView.swift */,
				5D559B99290A86F700F2AA96 /* RecentTransactionsList.swift */,
			);
			path = Transaction;
			sourceTree = "<group>";
		};
		5D559B93290A79CD00F2AA96 /* Others */ = {
			isa = PBXGroup;
			children = (
				5D559B88290A726A00F2AA96 /* Extensions.swift */,
			);
			path = Others;
			sourceTree = "<group>";
		};
		5D559B9B290A92F200F2AA96 /* TransactionFullList */ = {
			isa = PBXGroup;
			children = (
				5D559B9C290A930700F2AA96 /* TransactionListView.swift */,
			);
			path = TransactionFullList;
			sourceTree = "<group>";
		};
/* End PBXGroup section */

/* Begin PBXNativeTarget section */
		5D559B71290A711200F2AA96 /* Expense Tracker */ = {
			isa = PBXNativeTarget;
			buildConfigurationList = 5D559B85290A711400F2AA96 /* Build configuration list for PBXNativeTarget "Expense Tracker" */;
			buildPhases = (
				5D559B6E290A711200F2AA96 /* Sources */,
				5D559B6F290A711200F2AA96 /* Frameworks */,
				5D559B70290A711200F2AA96 /* Resources */,
			);
			buildRules = (
			);
			dependencies = (
			);
			name = "Expense Tracker";
			packageProductDependencies = (
				5D559B95290A7E9800F2AA96 /* SwiftUIFontIcon */,
				5D559B9F290A979100F2AA96 /* Collections */,
				5D559BA2290A99C000F2AA96 /* SwiftUICharts */,
			);
			productName = "Expense Tracker";
			productReference = 5D559B72290A711200F2AA96 /* Expense Tracker.app */;
			productType = "com.apple.product-type.application";
		};
/* End PBXNativeTarget section */

/* Begin PBXProject section */
		5D559B6A290A711200F2AA96 /* Project object */ = {
			isa = PBXProject;
			attributes = {
				BuildIndependentTargetsInParallel = 1;
				LastSwiftUpdateCheck = 1400;
				LastUpgradeCheck = 1400;
				TargetAttributes = {
					5D559B71290A711200F2AA96 = {
						CreatedOnToolsVersion = 14.0.1;
					};
				};
			};
			buildConfigurationList = 5D559B6D290A711200F2AA96 /* Build configuration list for PBXProject "Expense Tracker" */;
			compatibilityVersion = "Xcode 14.0";
			developmentRegion = en;
			hasScannedForEncodings = 0;
			knownRegions = (
				en,
				Base,
			);
			mainGroup = 5D559B69290A711200F2AA96;
			packageReferences = (
				5D559B94290A7E9800F2AA96 /* XCRemoteSwiftPackageReference "SwiftUIFontIcon" */,
				5D559B9E290A979100F2AA96 /* XCRemoteSwiftPackageReference "swift-collections" */,
				5D559BA1290A99C000F2AA96 /* XCRemoteSwiftPackageReference "ChartView" */,
			);
			productRefGroup = 5D559B73290A711200F2AA96 /* Products */;
			projectDirPath = "";
			projectRoot = "";
			targets = (
				5D559B71290A711200F2AA96 /* Expense Tracker */,
			);
		};
/* End PBXProject section */

/* Begin PBXResourcesBuildPhase section */
		5D559B70290A711200F2AA96 /* Resources */ = {
			isa = PBXResourcesBuildPhase;
			buildActionMask = 2147483647;
			files = (
				5D559B7D290A711400F2AA96 /* Preview Assets.xcassets in Resources */,
				5D559B7A290A711400F2AA96 /* Assets.xcassets in Resources */,
			);
			runOnlyForDeploymentPostprocessing = 0;
		};
/* End PBXResourcesBuildPhase section */

/* Begin PBXSourcesBuildPhase section */
		5D559B6E290A711200F2AA96 /* Sources */ = {
			isa = PBXSourcesBuildPhase;
			buildActionMask = 2147483647;
			files = (
				5D559B8B290A746100F2AA96 /* TransactionModel.swift in Sources */,
				5D559B8F290A79A300F2AA96 /* TransactionRowView.swift in Sources */,
				5D559B89290A726A00F2AA96 /* Extensions.swift in Sources */,
				5D559B9A290A86F700F2AA96 /* RecentTransactionsList.swift in Sources */,
				5D559B7F290A711400F2AA96 /* Persistence.swift in Sources */,
				5D559B98290A7F6000F2AA96 /* TransactionListViewModel.swift in Sources */,
				5D559B78290A711200F2AA96 /* ContentView.swift in Sources */,
				5D559B8D290A789000F2AA96 /* PreviewData.swift in Sources */,
				5D559B9D290A930700F2AA96 /* TransactionListView.swift in Sources */,
				5D559B76290A711200F2AA96 /* Expense_TrackerApp.swift in Sources */,
				5D559B82290A711400F2AA96 /* Expense_Tracker.xcdatamodeld in Sources */,
			);
			runOnlyForDeploymentPostprocessing = 0;
		};
/* End PBXSourcesBuildPhase section */

/* Begin XCBuildConfiguration section */
		5D559B83290A711400F2AA96 /* Debug */ = {
			isa = XCBuildConfiguration;
			buildSettings = {
				ALWAYS_SEARCH_USER_PATHS = NO;
				CLANG_ANALYZER_NONNULL = YES;
				CLANG_ANALYZER_NUMBER_OBJECT_CONVERSION = YES_AGGRESSIVE;
				CLANG_CXX_LANGUAGE_STANDARD = "gnu++20";
				CLANG_ENABLE_MODULES = YES;
				CLANG_ENABLE_OBJC_ARC = YES;
				CLANG_ENABLE_OBJC_WEAK = YES;
				CLANG_WARN_BLOCK_CAPTURE_AUTORELEASING = YES;
				CLANG_WARN_BOOL_CONVERSION = YES;
				CLANG_WARN_COMMA = YES;
				CLANG_WARN_CONSTANT_CONVERSION = YES;
				CLANG_WARN_DEPRECATED_OBJC_IMPLEMENTATIONS = YES;
				CLANG_WARN_DIRECT_OBJC_ISA_USAGE = YES_ERROR;
				CLANG_WARN_DOCUMENTATION_COMMENTS = YES;
				CLANG_WARN_EMPTY_BODY = YES;
				CLANG_WARN_ENUM_CONVERSION = YES;
				CLANG_WARN_INFINITE_RECURSION = YES;
				CLANG_WARN_INT_CONVERSION = YES;
				CLANG_WARN_NON_LITERAL_NULL_CONVERSION = YES;
				CLANG_WARN_OBJC_IMPLICIT_RETAIN_SELF = YES;
				CLANG_WARN_OBJC_LITERAL_CONVERSION = YES;
				CLANG_WARN_OBJC_ROOT_CLASS = YES_ERROR;
				CLANG_WARN_QUOTED_INCLUDE_IN_FRAMEWORK_HEADER = YES;
				CLANG_WARN_RANGE_LOOP_ANALYSIS = YES;
				CLANG_WARN_STRICT_PROTOTYPES = YES;
				CLANG_WARN_SUSPICIOUS_MOVE = YES;
				CLANG_WARN_UNGUARDED_AVAILABILITY = YES_AGGRESSIVE;
				CLANG_WARN_UNREACHABLE_CODE = YES;
				CLANG_WARN__DUPLICATE_METHOD_MATCH = YES;
				COPY_PHASE_STRIP = NO;
				DEBUG_INFORMATION_FORMAT = dwarf;
				ENABLE_STRICT_OBJC_MSGSEND = YES;
				ENABLE_TESTABILITY = YES;
				GCC_C_LANGUAGE_STANDARD = gnu11;
				GCC_DYNAMIC_NO_PIC = NO;
				GCC_NO_COMMON_BLOCKS = YES;
				GCC_OPTIMIZATION_LEVEL = 0;
				GCC_PREPROCESSOR_DEFINITIONS = (
					"DEBUG=1",
					"$(inherited)",
				);
				GCC_WARN_64_TO_32_BIT_CONVERSION = YES;
				GCC_WARN_ABOUT_RETURN_TYPE = YES_ERROR;
				GCC_WARN_UNDECLARED_SELECTOR = YES;
				GCC_WARN_UNINITIALIZED_AUTOS = YES_AGGRESSIVE;
				GCC_WARN_UNUSED_FUNCTION = YES;
				GCC_WARN_UNUSED_VARIABLE = YES;
				IPHONEOS_DEPLOYMENT_TARGET = 16.0;
				MTL_ENABLE_DEBUG_INFO = INCLUDE_SOURCE;
				MTL_FAST_MATH = YES;
				ONLY_ACTIVE_ARCH = YES;
				SDKROOT = iphoneos;
				SWIFT_ACTIVE_COMPILATION_CONDITIONS = DEBUG;
				SWIFT_OPTIMIZATION_LEVEL = "-Onone";
			};
			name = Debug;
		};
		5D559B84290A711400F2AA96 /* Release */ = {
			isa = XCBuildConfiguration;
			buildSettings = {
				ALWAYS_SEARCH_USER_PATHS = NO;
				CLANG_ANALYZER_NONNULL = YES;
				CLANG_ANALYZER_NUMBER_OBJECT_CONVERSION = YES_AGGRESSIVE;
				CLANG_CXX_LANGUAGE_STANDARD = "gnu++20";
				CLANG_ENABLE_MODULES = YES;
				CLANG_ENABLE_OBJC_ARC = YES;
				CLANG_ENABLE_OBJC_WEAK = YES;
				CLANG_WARN_BLOCK_CAPTURE_AUTORELEASING = YES;
				CLANG_WARN_BOOL_CONVERSION = YES;
				CLANG_WARN_COMMA = YES;
				CLANG_WARN_CONSTANT_CONVERSION = YES;
				CLANG_WARN_DEPRECATED_OBJC_IMPLEMENTATIONS = YES;
				CLANG_WARN_DIRECT_OBJC_ISA_USAGE = YES_ERROR;
				CLANG_WARN_DOCUMENTATION_COMMENTS = YES;
				CLANG_WARN_EMPTY_BODY = YES;
				CLANG_WARN_ENUM_CONVERSION = YES;
				CLANG_WARN_INFINITE_RECURSION = YES;
				CLANG_WARN_INT_CONVERSION = YES;
				CLANG_WARN_NON_LITERAL_NULL_CONVERSION = YES;
				CLANG_WARN_OBJC_IMPLICIT_RETAIN_SELF = YES;
				CLANG_WARN_OBJC_LITERAL_CONVERSION = YES;
				CLANG_WARN_OBJC_ROOT_CLASS = YES_ERROR;
				CLANG_WARN_QUOTED_INCLUDE_IN_FRAMEWORK_HEADER = YES;
				CLANG_WARN_RANGE_LOOP_ANALYSIS = YES;
				CLANG_WARN_STRICT_PROTOTYPES = YES;
				CLANG_WARN_SUSPICIOUS_MOVE = YES;
				CLANG_WARN_UNGUARDED_AVAILABILITY = YES_AGGRESSIVE;
				CLANG_WARN_UNREACHABLE_CODE = YES;
				CLANG_WARN__DUPLICATE_METHOD_MATCH = YES;
				COPY_PHASE_STRIP = NO;
				DEBUG_INFORMATION_FORMAT = "dwarf-with-dsym";
				ENABLE_NS_ASSERTIONS = NO;
				ENABLE_STRICT_OBJC_MSGSEND = YES;
				GCC_C_LANGUAGE_STANDARD = gnu11;
				GCC_NO_COMMON_BLOCKS = YES;
				GCC_WARN_64_TO_32_BIT_CONVERSION = YES;
				GCC_WARN_ABOUT_RETURN_TYPE = YES_ERROR;
				GCC_WARN_UNDECLARED_SELECTOR = YES;
				GCC_WARN_UNINITIALIZED_AUTOS = YES_AGGRESSIVE;
				GCC_WARN_UNUSED_FUNCTION = YES;
				GCC_WARN_UNUSED_VARIABLE = YES;
				IPHONEOS_DEPLOYMENT_TARGET = 16.0;
				MTL_ENABLE_DEBUG_INFO = NO;
				MTL_FAST_MATH = YES;
				SDKROOT = iphoneos;
				SWIFT_COMPILATION_MODE = wholemodule;
				SWIFT_OPTIMIZATION_LEVEL = "-O";
				VALIDATE_PRODUCT = YES;
			};
			name = Release;
		};
		5D559B86290A711400F2AA96 /* Debug */ = {
			isa = XCBuildConfiguration;
			buildSettings = {
				ASSETCATALOG_COMPILER_APPICON_NAME = AppIcon;
				ASSETCATALOG_COMPILER_GLOBAL_ACCENT_COLOR_NAME = AccentColor;
				CODE_SIGN_STYLE = Automatic;
				CURRENT_PROJECT_VERSION = 1;
				DEVELOPMENT_ASSET_PATHS = "\"Expense Tracker/Preview Content\"";
				DEVELOPMENT_TEAM = 7FCTC6DRE7;
				ENABLE_PREVIEWS = YES;
				GENERATE_INFOPLIST_FILE = YES;
				INFOPLIST_KEY_UIApplicationSceneManifest_Generation = YES;
				INFOPLIST_KEY_UIApplicationSupportsIndirectInputEvents = YES;
				INFOPLIST_KEY_UILaunchScreen_Generation = YES;
				INFOPLIST_KEY_UISupportedInterfaceOrientations_iPad = "UIInterfaceOrientationPortrait UIInterfaceOrientationPortraitUpsideDown UIInterfaceOrientationLandscapeLeft UIInterfaceOrientationLandscapeRight";
				INFOPLIST_KEY_UISupportedInterfaceOrientations_iPhone = "UIInterfaceOrientationPortrait UIInterfaceOrientationLandscapeLeft UIInterfaceOrientationLandscapeRight";
				LD_RUNPATH_SEARCH_PATHS = (
					"$(inherited)",
					"@executable_path/Frameworks",
				);
				MARKETING_VERSION = 1.0;
				PRODUCT_BUNDLE_IDENTIFIER = "com.azizbekasadov.Expense-Tracker";
				PRODUCT_NAME = "$(TARGET_NAME)";
				SWIFT_EMIT_LOC_STRINGS = YES;
				SWIFT_VERSION = 5.0;
				TARGETED_DEVICE_FAMILY = "1,2";
			};
			name = Debug;
		};
		5D559B87290A711400F2AA96 /* Release */ = {
			isa = XCBuildConfiguration;
			buildSettings = {
				ASSETCATALOG_COMPILER_APPICON_NAME = AppIcon;
				ASSETCATALOG_COMPILER_GLOBAL_ACCENT_COLOR_NAME = AccentColor;
				CODE_SIGN_STYLE = Automatic;
				CURRENT_PROJECT_VERSION = 1;
				DEVELOPMENT_ASSET_PATHS = "\"Expense Tracker/Preview Content\"";
				DEVELOPMENT_TEAM = 7FCTC6DRE7;
				ENABLE_PREVIEWS = YES;
				GENERATE_INFOPLIST_FILE = YES;
				INFOPLIST_KEY_UIApplicationSceneManifest_Generation = YES;
				INFOPLIST_KEY_UIApplicationSupportsIndirectInputEvents = YES;
				INFOPLIST_KEY_UILaunchScreen_Generation = YES;
				INFOPLIST_KEY_UISupportedInterfaceOrientations_iPad = "UIInterfaceOrientationPortrait UIInterfaceOrientationPortraitUpsideDown UIInterfaceOrientationLandscapeLeft UIInterfaceOrientationLandscapeRight";
				INFOPLIST_KEY_UISupportedInterfaceOrientations_iPhone = "UIInterfaceOrientationPortrait UIInterfaceOrientationLandscapeLeft UIInterfaceOrientationLandscapeRight";
				LD_RUNPATH_SEARCH_PATHS = (
					"$(inherited)",
					"@executable_path/Frameworks",
				);
				MARKETING_VERSION = 1.0;
				PRODUCT_BUNDLE_IDENTIFIER = "com.azizbekasadov.Expense-Tracker";
				PRODUCT_NAME = "$(TARGET_NAME)";
				SWIFT_EMIT_LOC_STRINGS = YES;
				SWIFT_VERSION = 5.0;
				TARGETED_DEVICE_FAMILY = "1,2";
			};
			name = Release;
		};
/* End XCBuildConfiguration section */

/* Begin XCConfigurationList section */
		5D559B6D290A711200F2AA96 /* Build configuration list for PBXProject "Expense Tracker" */ = {
			isa = XCConfigurationList;
			buildConfigurations = (
				5D559B83290A711400F2AA96 /* Debug */,
				5D559B84290A711400F2AA96 /* Release */,
			);
			defaultConfigurationIsVisible = 0;
			defaultConfigurationName = Release;
		};
		5D559B85290A711400F2AA96 /* Build configuration list for PBXNativeTarget "Expense Tracker" */ = {
			isa = XCConfigurationList;
			buildConfigurations = (
				5D559B86290A711400F2AA96 /* Debug */,
				5D559B87290A711400F2AA96 /* Release */,
			);
			defaultConfigurationIsVisible = 0;
			defaultConfigurationName = Release;
		};
/* End XCConfigurationList section */

/* Begin XCRemoteSwiftPackageReference section */
		5D559B94290A7E9800F2AA96 /* XCRemoteSwiftPackageReference "SwiftUIFontIcon" */ = {
			isa = XCRemoteSwiftPackageReference;
			repositoryURL = "https://github.com/huybuidac/SwiftUIFontIcon";
			requirement = {
				kind = upToNextMajorVersion;
				minimumVersion = 2.0.0;
			};
		};
		5D559B9E290A979100F2AA96 /* XCRemoteSwiftPackageReference "swift-collections" */ = {
			isa = XCRemoteSwiftPackageReference;
			repositoryURL = "https://github.com/apple/swift-collections.git";
			requirement = {
				kind = upToNextMajorVersion;
				minimumVersion = 1.0.2;
			};
		};
		5D559BA1290A99C000F2AA96 /* XCRemoteSwiftPackageReference "ChartView" */ = {
			isa = XCRemoteSwiftPackageReference;
			repositoryURL = "https://github.com/AppPear/ChartView";
			requirement = {
				kind = exactVersion;
				version = "2.0.0-beta.2";
			};
		};
/* End XCRemoteSwiftPackageReference section */

/* Begin XCSwiftPackageProductDependency section */
		5D559B95290A7E9800F2AA96 /* SwiftUIFontIcon */ = {
			isa = XCSwiftPackageProductDependency;
			package = 5D559B94290A7E9800F2AA96 /* XCRemoteSwiftPackageReference "SwiftUIFontIcon" */;
			productName = SwiftUIFontIcon;
		};
		5D559B9F290A979100F2AA96 /* Collections */ = {
			isa = XCSwiftPackageProductDependency;
			package = 5D559B9E290A979100F2AA96 /* XCRemoteSwiftPackageReference "swift-collections" */;
			productName = Collections;
		};
		5D559BA2290A99C000F2AA96 /* SwiftUICharts */ = {
			isa = XCSwiftPackageProductDependency;
			package = 5D559BA1290A99C000F2AA96 /* XCRemoteSwiftPackageReference "ChartView" */;
			productName = SwiftUICharts;
		};
/* End XCSwiftPackageProductDependency section */

/* Begin XCVersionGroup section */
		5D559B80290A711400F2AA96 /* Expense_Tracker.xcdatamodeld */ = {
			isa = XCVersionGroup;
			children = (
				5D559B81290A711400F2AA96 /* Expense_Tracker.xcdatamodel */,
			);
			currentVersion = 5D559B81290A711400F2AA96 /* Expense_Tracker.xcdatamodel */;
			path = Expense_Tracker.xcdatamodeld;
			sourceTree = "<group>";
			versionGroupType = wrapper.xcdatamodel;
		};
/* End XCVersionGroup section */
	};
	rootObject = 5D559B6A290A711200F2AA96 /* Project object */;
}
